// !$*UTF8*$!
{
	archiveVersion = 1;
	classes = {
	};
	objectVersion = 50;
	objects = {

/* Begin PBXBuildFile section */
		425EA84B220E7A75005583A7 /* AppDelegate.swift in Sources */ = {isa = PBXBuildFile; fileRef = 425EA84A220E7A75005583A7 /* AppDelegate.swift */; };
		425EA84D220E7A75005583A7 /* ViewController.swift in Sources */ = {isa = PBXBuildFile; fileRef = 425EA84C220E7A75005583A7 /* ViewController.swift */; };
		425EA850220E7A75005583A7 /* Main.storyboard in Resources */ = {isa = PBXBuildFile; fileRef = 425EA84E220E7A75005583A7 /* Main.storyboard */; };
		425EA852220E7A76005583A7 /* Assets.xcassets in Resources */ = {isa = PBXBuildFile; fileRef = 425EA851220E7A76005583A7 /* Assets.xcassets */; };
		425EA855220E7A76005583A7 /* LaunchScreen.storyboard in Resources */ = {isa = PBXBuildFile; fileRef = 425EA853220E7A76005583A7 /* LaunchScreen.storyboard */; };
		425EA860220E7A76005583A7 /* howManyFingerTests.swift in Sources */ = {isa = PBXBuildFile; fileRef = 425EA85F220E7A76005583A7 /* howManyFingerTests.swift */; };
		425EA86B220E7A76005583A7 /* howManyFingerUITests.swift in Sources */ = {isa = PBXBuildFile; fileRef = 425EA86A220E7A76005583A7 /* howManyFingerUITests.swift */; };
/* End PBXBuildFile section */

/* Begin PBXContainerItemProxy section */
		425EA85C220E7A76005583A7 /* PBXContainerItemProxy */ = {
			isa = PBXContainerItemProxy;
			containerPortal = 425EA83F220E7A75005583A7 /* Project object */;
			proxyType = 1;
			remoteGlobalIDString = 425EA846220E7A75005583A7;
			remoteInfo = howManyFinger;
		};
		425EA867220E7A76005583A7 /* PBXContainerItemProxy */ = {
			isa = PBXContainerItemProxy;
			containerPortal = 425EA83F220E7A75005583A7 /* Project object */;
			proxyType = 1;
			remoteGlobalIDString = 425EA846220E7A75005583A7;
			remoteInfo = howManyFinger;
		};
/* End PBXContainerItemProxy section */

/* Begin PBXFileReference section */
		425EA847220E7A75005583A7 /* howManyFinger.app */ = {isa = PBXFileReference; explicitFileType = wrapper.application; includeInIndex = 0; path = howManyFinger.app; sourceTree = BUILT_PRODUCTS_DIR; };
		425EA84A220E7A75005583A7 /* AppDelegate.swift */ = {isa = PBXFileReference; lastKnownFileType = sourcecode.swift; path = AppDelegate.swift; sourceTree = "<group>"; };
		425EA84C220E7A75005583A7 /* ViewController.swift */ = {isa = PBXFileReference; lastKnownFileType = sourcecode.swift; path = ViewController.swift; sourceTree = "<group>"; };
		425EA84F220E7A75005583A7 /* Base */ = {isa = PBXFileReference; lastKnownFileType = file.storyboard; name = Base; path = Base.lproj/Main.storyboard; sourceTree = "<group>"; };
		425EA851220E7A76005583A7 /* Assets.xcassets */ = {isa = PBXFileReference; lastKnownFileType = folder.assetcatalog; path = Assets.xcassets; sourceTree = "<group>"; };
		425EA854220E7A76005583A7 /* Base */ = {isa = PBXFileReference; lastKnownFileType = file.storyboard; name = Base; path = Base.lproj/LaunchScreen.storyboard; sourceTree = "<group>"; };
		425EA856220E7A76005583A7 /* Info.plist */ = {isa = PBXFileReference; lastKnownFileType = text.plist.xml; path = Info.plist; sourceTree = "<group>"; };
		425EA85B220E7A76005583A7 /* howManyFingerTests.xctest */ = {isa = PBXFileReference; explicitFileType = wrapper.cfbundle; includeInIndex = 0; path = howManyFingerTests.xctest; sourceTree = BUILT_PRODUCTS_DIR; };
		425EA85F220E7A76005583A7 /* howManyFingerTests.swift */ = {isa = PBXFileReference; lastKnownFileType = sourcecode.swift; path = howManyFingerTests.swift; sourceTree = "<group>"; };
		425EA861220E7A76005583A7 /* Info.plist */ = {isa = PBXFileReference; lastKnownFileType = text.plist.xml; path = Info.plist; sourceTree = "<group>"; };
		425EA866220E7A76005583A7 /* howManyFingerUITests.xctest */ = {isa = PBXFileReference; explicitFileType = wrapper.cfbundle; includeInIndex = 0; path = howManyFingerUITests.xctest; sourceTree = BUILT_PRODUCTS_DIR; };
		425EA86A220E7A76005583A7 /* howManyFingerUITests.swift */ = {isa = PBXFileReference; lastKnownFileType = sourcecode.swift; path = howManyFingerUITests.swift; sourceTree = "<group>"; };
		425EA86C220E7A76005583A7 /* Info.plist */ = {isa = PBXFileReference; lastKnownFileType = text.plist.xml; path = Info.plist; sourceTree = "<group>"; };
/* End PBXFileReference section */

/* Begin PBXFrameworksBuildPhase section */
		425EA844220E7A75005583A7 /* Frameworks */ = {
			isa = PBXFrameworksBuildPhase;
			buildActionMask = 2147483647;
			files = (
			);
			runOnlyForDeploymentPostprocessing = 0;
		};
		425EA858220E7A76005583A7 /* Frameworks */ = {
			isa = PBXFrameworksBuildPhase;
			buildActionMask = 2147483647;
			files = (
			);
			runOnlyForDeploymentPostprocessing = 0;
		};
		425EA863220E7A76005583A7 /* Frameworks */ = {
			isa = PBXFrameworksBuildPhase;
			buildActionMask = 2147483647;
			files = (
			);
			runOnlyForDeploymentPostprocessing = 0;
		};
/* End PBXFrameworksBuildPhase section */

/* Begin PBXGroup section */
		425EA83E220E7A75005583A7 = {
			isa = PBXGroup;
			children = (
				425EA849220E7A75005583A7 /* howManyFinger */,
				425EA85E220E7A76005583A7 /* howManyFingerTests */,
				425EA869220E7A76005583A7 /* howManyFingerUITests */,
				425EA848220E7A75005583A7 /* Products */,
			);
			sourceTree = "<group>";
		};
		425EA848220E7A75005583A7 /* Products */ = {
			isa = PBXGroup;
			children = (
				425EA847220E7A75005583A7 /* howManyFinger.app */,
				425EA85B220E7A76005583A7 /* howManyFingerTests.xctest */,
				425EA866220E7A76005583A7 /* howManyFingerUITests.xctest */,
			);
			name = Products;
			sourceTree = "<group>";
		};
		425EA849220E7A75005583A7 /* howManyFinger */ = {
			isa = PBXGroup;
			children = (
				425EA84A220E7A75005583A7 /* AppDelegate.swift */,
				425EA84C220E7A75005583A7 /* ViewController.swift */,
				425EA84E220E7A75005583A7 /* Main.storyboard */,
				425EA851220E7A76005583A7 /* Assets.xcassets */,
				425EA853220E7A76005583A7 /* LaunchScreen.storyboard */,
				425EA856220E7A76005583A7 /* Info.plist */,
			);
			path = howManyFinger;
			sourceTree = "<group>";
		};
		425EA85E220E7A76005583A7 /* howManyFingerTests */ = {
			isa = PBXGroup;
			children = (
				425EA85F220E7A76005583A7 /* howManyFingerTests.swift */,
				425EA861220E7A76005583A7 /* Info.plist */,
			);
			path = howManyFingerTests;
			sourceTree = "<group>";
		};
		425EA869220E7A76005583A7 /* howManyFingerUITests */ = {
			isa = PBXGroup;
			children = (
				425EA86A220E7A76005583A7 /* howManyFingerUITests.swift */,
				425EA86C220E7A76005583A7 /* Info.plist */,
			);
			path = howManyFingerUITests;
			sourceTree = "<group>";
		};
/* End PBXGroup section */

/* Begin PBXNativeTarget section */
		425EA846220E7A75005583A7 /* howManyFinger */ = {
			isa = PBXNativeTarget;
			buildConfigurationList = 425EA86F220E7A76005583A7 /* Build configuration list for PBXNativeTarget "howManyFinger" */;
			buildPhases = (
				425EA843220E7A75005583A7 /* Sources */,
				425EA844220E7A75005583A7 /* Frameworks */,
				425EA845220E7A75005583A7 /* Resources */,
			);
			buildRules = (
			);
			dependencies = (
			);
			name = howManyFinger;
			productName = howManyFinger;
			productReference = 425EA847220E7A75005583A7 /* howManyFinger.app */;
			productType = "com.apple.product-type.application";
		};
		425EA85A220E7A76005583A7 /* howManyFingerTests */ = {
			isa = PBXNativeTarget;
			buildConfigurationList = 425EA872220E7A76005583A7 /* Build configuration list for PBXNativeTarget "howManyFingerTests" */;
			buildPhases = (
				425EA857220E7A76005583A7 /* Sources */,
				425EA858220E7A76005583A7 /* Frameworks */,
				425EA859220E7A76005583A7 /* Resources */,
			);
			buildRules = (
			);
			dependencies = (
				425EA85D220E7A76005583A7 /* PBXTargetDependency */,
			);
			name = howManyFingerTests;
			productName = howManyFingerTests;
			productReference = 425EA85B220E7A76005583A7 /* howManyFingerTests.xctest */;
			productType = "com.apple.product-type.bundle.unit-test";
		};
		425EA865220E7A76005583A7 /* howManyFingerUITests */ = {
			isa = PBXNativeTarget;
			buildConfigurationList = 425EA875220E7A76005583A7 /* Build configuration list for PBXNativeTarget "howManyFingerUITests" */;
			buildPhases = (
				425EA862220E7A76005583A7 /* Sources */,
				425EA863220E7A76005583A7 /* Frameworks */,
				425EA864220E7A76005583A7 /* Resources */,
			);
			buildRules = (
			);
			dependencies = (
				425EA868220E7A76005583A7 /* PBXTargetDependency */,
			);
			name = howManyFingerUITests;
			productName = howManyFingerUITests;
			productReference = 425EA866220E7A76005583A7 /* howManyFingerUITests.xctest */;
			productType = "com.apple.product-type.bundle.ui-testing";
		};
/* End PBXNativeTarget section */

/* Begin PBXProject section */
		425EA83F220E7A75005583A7 /* Project object */ = {
			isa = PBXProject;
			attributes = {
				LastSwiftUpdateCheck = 1010;
				LastUpgradeCheck = 1010;
				ORGANIZATIONNAME = "Bibek Shrestha";
				TargetAttributes = {
					425EA846220E7A75005583A7 = {
						CreatedOnToolsVersion = 10.1;
					};
					425EA85A220E7A76005583A7 = {
						CreatedOnToolsVersion = 10.1;
						TestTargetID = 425EA846220E7A75005583A7;
					};
					425EA865220E7A76005583A7 = {
						CreatedOnToolsVersion = 10.1;
						TestTargetID = 425EA846220E7A75005583A7;
					};
				};
			};
			buildConfigurationList = 425EA842220E7A75005583A7 /* Build configuration list for PBXProject "howManyFinger" */;
			compatibilityVersion = "Xcode 9.3";
			developmentRegion = en;
			hasScannedForEncodings = 0;
			knownRegions = (
				en,
				Base,
			);
			mainGroup = 425EA83E220E7A75005583A7;
			productRefGroup = 425EA848220E7A75005583A7 /* Products */;
			projectDirPath = "";
			projectRoot = "";
			targets = (
				425EA846220E7A75005583A7 /* howManyFinger */,
				425EA85A220E7A76005583A7 /* howManyFingerTests */,
				425EA865220E7A76005583A7 /* howManyFingerUITests */,
			);
		};
/* End PBXProject section */

/* Begin PBXResourcesBuildPhase section */
		425EA845220E7A75005583A7 /* Resources */ = {
			isa = PBXResourcesBuildPhase;
			buildActionMask = 2147483647;
			files = (
				425EA855220E7A76005583A7 /* LaunchScreen.storyboard in Resources */,
				425EA852220E7A76005583A7 /* Assets.xcassets in Resources */,
				425EA850220E7A75005583A7 /* Main.storyboard in Resources */,
			);
			runOnlyForDeploymentPostprocessing = 0;
		};
		425EA859220E7A76005583A7 /* Resources */ = {
			isa = PBXResourcesBuildPhase;
			buildActionMask = 2147483647;
			files = (
			);
			runOnlyForDeploymentPostprocessing = 0;
		};
		425EA864220E7A76005583A7 /* Resources */ = {
			isa = PBXResourcesBuildPhase;
			buildActionMask = 2147483647;
			files = (
			);
			runOnlyForDeploymentPostprocessing = 0;
		};
/* End PBXResourcesBuildPhase section */

/* Begin PBXSourcesBuildPhase section */
		425EA843220E7A75005583A7 /* Sources */ = {
			isa = PBXSourcesBuildPhase;
			buildActionMask = 2147483647;
			files = (
				425EA84D220E7A75005583A7 /* ViewController.swift in Sources */,
				425EA84B220E7A75005583A7 /* AppDelegate.swift in Sources */,
			);
			runOnlyForDeploymentPostprocessing = 0;
		};
		425EA857220E7A76005583A7 /* Sources */ = {
			isa = PBXSourcesBuildPhase;
			buildActionMask = 2147483647;
			files = (
				425EA860220E7A76005583A7 /* howManyFingerTests.swift in Sources */,
			);
			runOnlyForDeploymentPostprocessing = 0;
		};
		425EA862220E7A76005583A7 /* Sources */ = {
			isa = PBXSourcesBuildPhase;
			buildActionMask = 2147483647;
			files = (
				425EA86B220E7A76005583A7 /* howManyFingerUITests.swift in Sources */,
			);
			runOnlyForDeploymentPostprocessing = 0;
		};
/* End PBXSourcesBuildPhase section */

/* Begin PBXTargetDependency section */
		425EA85D220E7A76005583A7 /* PBXTargetDependency */ = {
			isa = PBXTargetDependency;
			target = 425EA846220E7A75005583A7 /* howManyFinger */;
			targetProxy = 425EA85C220E7A76005583A7 /* PBXContainerItemProxy */;
		};
		425EA868220E7A76005583A7 /* PBXTargetDependency */ = {
			isa = PBXTargetDependency;
			target = 425EA846220E7A75005583A7 /* howManyFinger */;
			targetProxy = 425EA867220E7A76005583A7 /* PBXContainerItemProxy */;
		};
/* End PBXTargetDependency section */

/* Begin PBXVariantGroup section */
		425EA84E220E7A75005583A7 /* Main.storyboard */ = {
			isa = PBXVariantGroup;
			children = (
				425EA84F220E7A75005583A7 /* Base */,
			);
			name = Main.storyboard;
			sourceTree = "<group>";
		};
		425EA853220E7A76005583A7 /* LaunchScreen.storyboard */ = {
			isa = PBXVariantGroup;
			children = (
				425EA854220E7A76005583A7 /* Base */,
			);
			name = LaunchScreen.storyboard;
			sourceTree = "<group>";
		};
/* End PBXVariantGroup section */

/* Begin XCBuildConfiguration section */
		425EA86D220E7A76005583A7 /* Debug */ = {
			isa = XCBuildConfiguration;
			buildSettings = {
				ALWAYS_SEARCH_USER_PATHS = NO;
				CLANG_ANALYZER_NONNULL = YES;
				CLANG_ANALYZER_NUMBER_OBJECT_CONVERSION = YES_AGGRESSIVE;
				CLANG_CXX_LANGUAGE_STANDARD = "gnu++14";
				CLANG_CXX_LIBRARY = "libc++";
				CLANG_ENABLE_MODULES = YES;
				CLANG_ENABLE_OBJC_ARC = YES;
				CLANG_ENABLE_OBJC_WEAK = YES;
				CLANG_WARN_BLOCK_CAPTURE_AUTORELEASING = YES;
				CLANG_WARN_BOOL_CONVERSION = YES;
				CLANG_WARN_COMMA = YES;
				CLANG_WARN_CONSTANT_CONVERSION = YES;
				CLANG_WARN_DEPRECATED_OBJC_IMPLEMENTATIONS = YES;
				CLANG_WARN_DIRECT_OBJC_ISA_USAGE = YES_ERROR;
				CLANG_WARN_DOCUMENTATION_COMMENTS = YES;
				CLANG_WARN_EMPTY_BODY = YES;
				CLANG_WARN_ENUM_CONVERSION = YES;
				CLANG_WARN_INFINITE_RECURSION = YES;
				CLANG_WARN_INT_CONVERSION = YES;
				CLANG_WARN_NON_LITERAL_NULL_CONVERSION = YES;
				CLANG_WARN_OBJC_IMPLICIT_RETAIN_SELF = YES;
				CLANG_WARN_OBJC_LITERAL_CONVERSION = YES;
				CLANG_WARN_OBJC_ROOT_CLASS = YES_ERROR;
				CLANG_WARN_RANGE_LOOP_ANALYSIS = YES;
				CLANG_WARN_STRICT_PROTOTYPES = YES;
				CLANG_WARN_SUSPICIOUS_MOVE = YES;
				CLANG_WARN_UNGUARDED_AVAILABILITY = YES_AGGRESSIVE;
				CLANG_WARN_UNREACHABLE_CODE = YES;
				CLANG_WARN__DUPLICATE_METHOD_MATCH = YES;
				CODE_SIGN_IDENTITY = "iPhone Developer";
				COPY_PHASE_STRIP = NO;
				DEBUG_INFORMATION_FORMAT = dwarf;
				ENABLE_STRICT_OBJC_MSGSEND = YES;
				ENABLE_TESTABILITY = YES;
				GCC_C_LANGUAGE_STANDARD = gnu11;
				GCC_DYNAMIC_NO_PIC = NO;
				GCC_NO_COMMON_BLOCKS = YES;
				GCC_OPTIMIZATION_LEVEL = 0;
				GCC_PREPROCESSOR_DEFINITIONS = (
					"DEBUG=1",
					"$(inherited)",
				);
				GCC_WARN_64_TO_32_BIT_CONVERSION = YES;
				GCC_WARN_ABOUT_RETURN_TYPE = YES_ERROR;
				GCC_WARN_UNDECLARED_SELECTOR = YES;
				GCC_WARN_UNINITIALIZED_AUTOS = YES_AGGRESSIVE;
				GCC_WARN_UNUSED_FUNCTION = YES;
				GCC_WARN_UNUSED_VARIABLE = YES;
				IPHONEOS_DEPLOYMENT_TARGET = 12.1;
				MTL_ENABLE_DEBUG_INFO = INCLUDE_SOURCE;
				MTL_FAST_MATH = YES;
				ONLY_ACTIVE_ARCH = YES;
				SDKROOT = iphoneos;
				SWIFT_ACTIVE_COMPILATION_CONDITIONS = DEBUG;
				SWIFT_OPTIMIZATION_LEVEL = "-Onone";
			};
			name = Debug;
		};
		425EA86E220E7A76005583A7 /* Release */ = {
			isa = XCBuildConfiguration;
			buildSettings = {
				ALWAYS_SEARCH_USER_PATHS = NO;
				CLANG_ANALYZER_NONNULL = YES;
				CLANG_ANALYZER_NUMBER_OBJECT_CONVERSION = YES_AGGRESSIVE;
				CLANG_CXX_LANGUAGE_STANDARD = "gnu++14";
				CLANG_CXX_LIBRARY = "libc++";
				CLANG_ENABLE_MODULES = YES;
				CLANG_ENABLE_OBJC_ARC = YES;
				CLANG_ENABLE_OBJC_WEAK = YES;
				CLANG_WARN_BLOCK_CAPTURE_AUTORELEASING = YES;
				CLANG_WARN_BOOL_CONVERSION = YES;
				CLANG_WARN_COMMA = YES;
				CLANG_WARN_CONSTANT_CONVERSION = YES;
				CLANG_WARN_DEPRECATED_OBJC_IMPLEMENTATIONS = YES;
				CLANG_WARN_DIRECT_OBJC_ISA_USAGE = YES_ERROR;
				CLANG_WARN_DOCUMENTATION_COMMENTS = YES;
				CLANG_WARN_EMPTY_BODY = YES;
				CLANG_WARN_ENUM_CONVERSION = YES;
				CLANG_WARN_INFINITE_RECURSION = YES;
				CLANG_WARN_INT_CONVERSION = YES;
				CLANG_WARN_NON_LITERAL_NULL_CONVERSION = YES;
				CLANG_WARN_OBJC_IMPLICIT_RETAIN_SELF = YES;
				CLANG_WARN_OBJC_LITERAL_CONVERSION = YES;
				CLANG_WARN_OBJC_ROOT_CLASS = YES_ERROR;
				CLANG_WARN_RANGE_LOOP_ANALYSIS = YES;
				CLANG_WARN_STRICT_PROTOTYPES = YES;
				CLANG_WARN_SUSPICIOUS_MOVE = YES;
				CLANG_WARN_UNGUARDED_AVAILABILITY = YES_AGGRESSIVE;
				CLANG_WARN_UNREACHABLE_CODE = YES;
				CLANG_WARN__DUPLICATE_METHOD_MATCH = YES;
				CODE_SIGN_IDENTITY = "iPhone Developer";
				COPY_PHASE_STRIP = NO;
				DEBUG_INFORMATION_FORMAT = "dwarf-with-dsym";
				ENABLE_NS_ASSERTIONS = NO;
				ENABLE_STRICT_OBJC_MSGSEND = YES;
				GCC_C_LANGUAGE_STANDARD = gnu11;
				GCC_NO_COMMON_BLOCKS = YES;
				GCC_WARN_64_TO_32_BIT_CONVERSION = YES;
				GCC_WARN_ABOUT_RETURN_TYPE = YES_ERROR;
				GCC_WARN_UNDECLARED_SELECTOR = YES;
				GCC_WARN_UNINITIALIZED_AUTOS = YES_AGGRESSIVE;
				GCC_WARN_UNUSED_FUNCTION = YES;
				GCC_WARN_UNUSED_VARIABLE = YES;
				IPHONEOS_DEPLOYMENT_TARGET = 12.1;
				MTL_ENABLE_DEBUG_INFO = NO;
				MTL_FAST_MATH = YES;
				SDKROOT = iphoneos;
				SWIFT_COMPILATION_MODE = wholemodule;
				SWIFT_OPTIMIZATION_LEVEL = "-O";
				VALIDATE_PRODUCT = YES;
			};
			name = Release;
		};
		425EA870220E7A76005583A7 /* Debug */ = {
			isa = XCBuildConfiguration;
			buildSettings = {
				ASSETCATALOG_COMPILER_APPICON_NAME = AppIcon;
				CODE_SIGN_STYLE = Automatic;
				INFOPLIST_FILE = howManyFinger/Info.plist;
				LD_RUNPATH_SEARCH_PATHS = (
					"$(inherited)",
					"@executable_path/Frameworks",
				);
				PRODUCT_BUNDLE_IDENTIFIER = BIbek.howManyFinger;
				PRODUCT_NAME = "$(TARGET_NAME)";
				SWIFT_VERSION = 4.2;
				TARGETED_DEVICE_FAMILY = "1,2";
			};
			name = Debug;
		};
		425EA871220E7A76005583A7 /* Release */ = {
			isa = XCBuildConfiguration;
			buildSettings = {
				ASSETCATALOG_COMPILER_APPICON_NAME = AppIcon;
				CODE_SIGN_STYLE = Automatic;
				INFOPLIST_FILE = howManyFinger/Info.plist;
				LD_RUNPATH_SEARCH_PATHS = (
					"$(inherited)",
					"@executable_path/Frameworks",
				);
				PRODUCT_BUNDLE_IDENTIFIER = BIbek.howManyFinger;
				PRODUCT_NAME = "$(TARGET_NAME)";
				SWIFT_VERSION = 4.2;
				TARGETED_DEVICE_FAMILY = "1,2";
			};
			name = Release;
		};
		425EA873220E7A76005583A7 /* Debug */ = {
			isa = XCBuildConfiguration;
			buildSettings = {
				ALWAYS_EMBED_SWIFT_STANDARD_LIBRARIES = YES;
				BUNDLE_LOADER = "$(TEST_HOST)";
				CODE_SIGN_STYLE = Automatic;
				INFOPLIST_FILE = howManyFingerTests/Info.plist;
				LD_RUNPATH_SEARCH_PATHS = (
					"$(inherited)",
					"@executable_path/Frameworks",
					"@loader_path/Frameworks",
				);
				PRODUCT_BUNDLE_IDENTIFIER = BIbek.howManyFingerTests;
				PRODUCT_NAME = "$(TARGET_NAME)";
				SWIFT_VERSION = 4.2;
				TARGETED_DEVICE_FAMILY = "1,2";
				TEST_HOST = "$(BUILT_PRODUCTS_DIR)/howManyFinger.app/howManyFinger";
			};
			name = Debug;
		};
		425EA874220E7A76005583A7 /* Release */ = {
			isa = XCBuildConfiguration;
			buildSettings = {
				ALWAYS_EMBED_SWIFT_STANDARD_LIBRARIES = YES;
				BUNDLE_LOADER = "$(TEST_HOST)";
				CODE_SIGN_STYLE = Automatic;
				INFOPLIST_FILE = howManyFingerTests/Info.plist;
				LD_RUNPATH_SEARCH_PATHS = (
					"$(inherited)",
					"@executable_path/Frameworks",
					"@loader_path/Frameworks",
				);
				PRODUCT_BUNDLE_IDENTIFIER = BIbek.howManyFingerTests;
				PRODUCT_NAME = "$(TARGET_NAME)";
				SWIFT_VERSION = 4.2;
				TARGETED_DEVICE_FAMILY = "1,2";
				TEST_HOST = "$(BUILT_PRODUCTS_DIR)/howManyFinger.app/howManyFinger";
			};
			name = Release;
		};
		425EA876220E7A76005583A7 /* Debug */ = {
			isa = XCBuildConfiguration;
			buildSettings = {
				ALWAYS_EMBED_SWIFT_STANDARD_LIBRARIES = YES;
				CODE_SIGN_STYLE = Automatic;
				INFOPLIST_FILE = howManyFingerUITests/Info.plist;
				LD_RUNPATH_SEARCH_PATHS = (
					"$(inherited)",
					"@executable_path/Frameworks",
					"@loader_path/Frameworks",
				);
				PRODUCT_BUNDLE_IDENTIFIER = BIbek.howManyFingerUITests;
				PRODUCT_NAME = "$(TARGET_NAME)";
				SWIFT_VERSION = 4.2;
				TARGETED_DEVICE_FAMILY = "1,2";
				TEST_TARGET_NAME = howManyFinger;
			};
			name = Debug;
		};
		425EA877220E7A76005583A7 /* Release */ = {
			isa = XCBuildConfiguration;
			buildSettings = {
				ALWAYS_EMBED_SWIFT_STANDARD_LIBRARIES = YES;
				CODE_SIGN_STYLE = Automatic;
				INFOPLIST_FILE = howManyFingerUITests/Info.plist;
				LD_RUNPATH_SEARCH_PATHS = (
					"$(inherited)",
					"@executable_path/Frameworks",
					"@loader_path/Frameworks",
				);
				PRODUCT_BUNDLE_IDENTIFIER = BIbek.howManyFingerUITests;
				PRODUCT_NAME = "$(TARGET_NAME)";
				SWIFT_VERSION = 4.2;
				TARGETED_DEVICE_FAMILY = "1,2";
				TEST_TARGET_NAME = howManyFinger;
			};
			name = Release;
		};
/* End XCBuildConfiguration section */

/* Begin XCConfigurationList section */
		425EA842220E7A75005583A7 /* Build configuration list for PBXProject "howManyFinger" */ = {
			isa = XCConfigurationList;
			buildConfigurations = (
				425EA86D220E7A76005583A7 /* Debug */,
				425EA86E220E7A76005583A7 /* Release */,
			);
			defaultConfigurationIsVisible = 0;
			defaultConfigurationName = Release;
		};
		425EA86F220E7A76005583A7 /* Build configuration list for PBXNativeTarget "howManyFinger" */ = {
			isa = XCConfigurationList;
			buildConfigurations = (
				425EA870220E7A76005583A7 /* Debug */,
				425EA871220E7A76005583A7 /* Release */,
			);
			defaultConfigurationIsVisible = 0;
			defaultConfigurationName = Release;
		};
		425EA872220E7A76005583A7 /* Build configuration list for PBXNativeTarget "howManyFingerTests" */ = {
			isa = XCConfigurationList;
			buildConfigurations = (
				425EA873220E7A76005583A7 /* Debug */,
				425EA874220E7A76005583A7 /* Release */,
			);
			defaultConfigurationIsVisible = 0;
			defaultConfigurationName = Release;
		};
		425EA875220E7A76005583A7 /* Build configuration list for PBXNativeTarget "howManyFingerUITests" */ = {
			isa = XCConfigurationList;
			buildConfigurations = (
				425EA876220E7A76005583A7 /* Debug */,
				425EA877220E7A76005583A7 /* Release */,
			);
			defaultConfigurationIsVisible = 0;
			defaultConfigurationName = Release;
		};
/* End XCConfigurationList section */
	};
	rootObject = 425EA83F220E7A75005583A7 /* Project object */;
}
